
Microsoft Visual Studio Solution File, Format Version 12.00
# Visual Studio Version 17
VisualStudioVersion = 17.9.34616.47
MinimumVisualStudioVersion = 10.0.40219.1
Project("{FAE04EC0-301F-11D3-BF4B-00C04F79EFBC}") = "Assignment_4", "Assignment_4\Assignment_4.csproj", "{7F7F437E-DCC6-461C-857D-FD53399A2F02}"
EndProject
Global
	GlobalSection(SolutionConfigurationPlatforms) = preSolution
		Debug|Any CPU = Debug|Any CPU
		Release|Any CPU = Release|Any CPU
	EndGlobalSection
	GlobalSection(ProjectConfigurationPlatforms) = postSolution
		{7F7F437E-DCC6-461C-857D-FD53399A2F02}.Debug|Any CPU.ActiveCfg = Debug|Any CPU
		{7F7F437E-DCC6-461C-857D-FD53399A2F02}.Debug|Any CPU.Build.0 = Debug|Any CPU
		{7F7F437E-DCC6-461C-857D-FD53399A2F02}.Release|Any CPU.ActiveCfg = Release|Any CPU
		{7F7F437E-DCC6-461C-857D-FD53399A2F02}.Release|Any CPU.Build.0 = Release|Any CPU
	EndGlobalSection
	GlobalSection(SolutionProperties) = preSolution
		HideSolutionNode = FALSE
	EndGlobalSection
	GlobalSection(ExtensibilityGlobals) = postSolution
		SolutionGuid = {BAD28ED8-5733-4ABA-80B5-614B0B56446D}
	EndGlobalSection
EndGlobal
