
Microsoft Visual Studio Solution File, Format Version 12.00
# Visual Studio Version 17
VisualStudioVersion = 17.9.34616.47
MinimumVisualStudioVersion = 10.0.40219.1
Project("{FAE04EC0-301F-11D3-BF4B-00C04F79EFBC}") = "Medical_Bot", "Medical_Bot\Medical_Bot.csproj", "{98B02102-BDC7-43B2-A7DF-79EA452901DE}"
EndProject
Global
	GlobalSection(SolutionConfigurationPlatforms) = preSolution
		Debug|Any CPU = Debug|Any CPU
		Release|Any CPU = Release|Any CPU
	EndGlobalSection
	GlobalSection(ProjectConfigurationPlatforms) = postSolution
		{98B02102-BDC7-43B2-A7DF-79EA452901DE}.Debug|Any CPU.ActiveCfg = Debug|Any CPU
		{98B02102-BDC7-43B2-A7DF-79EA452901DE}.Debug|Any CPU.Build.0 = Debug|Any CPU
		{98B02102-BDC7-43B2-A7DF-79EA452901DE}.Release|Any CPU.ActiveCfg = Release|Any CPU
		{98B02102-BDC7-43B2-A7DF-79EA452901DE}.Release|Any CPU.Build.0 = Release|Any CPU
	EndGlobalSection
	GlobalSection(SolutionProperties) = preSolution
		HideSolutionNode = FALSE
	EndGlobalSection
	GlobalSection(ExtensibilityGlobals) = postSolution
		SolutionGuid = {2F1BA94E-9C71-43EB-8DD2-059CCF4A683E}
	EndGlobalSection
EndGlobal
