
Microsoft Visual Studio Solution File, Format Version 12.00
# Visual Studio Version 17
VisualStudioVersion = 17.9.34616.47
MinimumVisualStudioVersion = 10.0.40219.1
Project("{FAE04EC0-301F-11D3-BF4B-00C04F79EFBC}") = "LargestOfList", "LargestOfList\LargestOfList.csproj", "{362EBC11-17FA-406A-8937-D421BBFC4338}"
EndProject
Global
	GlobalSection(SolutionConfigurationPlatforms) = preSolution
		Debug|Any CPU = Debug|Any CPU
		Release|Any CPU = Release|Any CPU
	EndGlobalSection
	GlobalSection(ProjectConfigurationPlatforms) = postSolution
		{362EBC11-17FA-406A-8937-D421BBFC4338}.Debug|Any CPU.ActiveCfg = Debug|Any CPU
		{362EBC11-17FA-406A-8937-D421BBFC4338}.Debug|Any CPU.Build.0 = Debug|Any CPU
		{362EBC11-17FA-406A-8937-D421BBFC4338}.Release|Any CPU.ActiveCfg = Release|Any CPU
		{362EBC11-17FA-406A-8937-D421BBFC4338}.Release|Any CPU.Build.0 = Release|Any CPU
	EndGlobalSection
	GlobalSection(SolutionProperties) = preSolution
		HideSolutionNode = FALSE
	EndGlobalSection
	GlobalSection(ExtensibilityGlobals) = postSolution
		SolutionGuid = {63AE4706-E081-413D-A957-0D44E5668F56}
	EndGlobalSection
EndGlobal
