
Microsoft Visual Studio Solution File, Format Version 12.00
# Visual Studio Version 17
VisualStudioVersion = 17.9.34701.34
MinimumVisualStudioVersion = 10.0.40219.1
Project("{FAE04EC0-301F-11D3-BF4B-00C04F79EFBC}") = "LibraryUsingInterfaces", "LibraryUsingInterfaces\LibraryUsingInterfaces.csproj", "{DED776EC-32B3-4933-BE63-29EF5573E42B}"
EndProject
Project("{FAE04EC0-301F-11D3-BF4B-00C04F79EFBC}") = "ClassLibrary1", "ClassLibrary1\ClassLibrary1.csproj", "{A8449061-89CF-4380-B4F0-60A712D789CD}"
EndProject
Global
	GlobalSection(SolutionConfigurationPlatforms) = preSolution
		Debug|Any CPU = Debug|Any CPU
		Release|Any CPU = Release|Any CPU
	EndGlobalSection
	GlobalSection(ProjectConfigurationPlatforms) = postSolution
		{DED776EC-32B3-4933-BE63-29EF5573E42B}.Debug|Any CPU.ActiveCfg = Debug|Any CPU
		{DED776EC-32B3-4933-BE63-29EF5573E42B}.Debug|Any CPU.Build.0 = Debug|Any CPU
		{DED776EC-32B3-4933-BE63-29EF5573E42B}.Release|Any CPU.ActiveCfg = Release|Any CPU
		{DED776EC-32B3-4933-BE63-29EF5573E42B}.Release|Any CPU.Build.0 = Release|Any CPU
		{A8449061-89CF-4380-B4F0-60A712D789CD}.Debug|Any CPU.ActiveCfg = Debug|Any CPU
		{A8449061-89CF-4380-B4F0-60A712D789CD}.Debug|Any CPU.Build.0 = Debug|Any CPU
		{A8449061-89CF-4380-B4F0-60A712D789CD}.Release|Any CPU.ActiveCfg = Release|Any CPU
		{A8449061-89CF-4380-B4F0-60A712D789CD}.Release|Any CPU.Build.0 = Release|Any CPU
	EndGlobalSection
	GlobalSection(SolutionProperties) = preSolution
		HideSolutionNode = FALSE
	EndGlobalSection
	GlobalSection(ExtensibilityGlobals) = postSolution
		SolutionGuid = {B2B65F05-A13E-4898-A73E-C068FBE6CFF4}
	EndGlobalSection
EndGlobal
