
Microsoft Visual Studio Solution File, Format Version 12.00
# Visual Studio Version 17
VisualStudioVersion = 17.9.34616.47
MinimumVisualStudioVersion = 10.0.40219.1
Project("{FAE04EC0-301F-11D3-BF4B-00C04F79EFBC}") = "TupleExamples", "TupleExamples\TupleExamples.csproj", "{81BFC13F-391F-4278-84AC-70721E9C0810}"
EndProject
Global
	GlobalSection(SolutionConfigurationPlatforms) = preSolution
		Debug|Any CPU = Debug|Any CPU
		Release|Any CPU = Release|Any CPU
	EndGlobalSection
	GlobalSection(ProjectConfigurationPlatforms) = postSolution
		{81BFC13F-391F-4278-84AC-70721E9C0810}.Debug|Any CPU.ActiveCfg = Debug|Any CPU
		{81BFC13F-391F-4278-84AC-70721E9C0810}.Debug|Any CPU.Build.0 = Debug|Any CPU
		{81BFC13F-391F-4278-84AC-70721E9C0810}.Release|Any CPU.ActiveCfg = Release|Any CPU
		{81BFC13F-391F-4278-84AC-70721E9C0810}.Release|Any CPU.Build.0 = Release|Any CPU
	EndGlobalSection
	GlobalSection(SolutionProperties) = preSolution
		HideSolutionNode = FALSE
	EndGlobalSection
	GlobalSection(ExtensibilityGlobals) = postSolution
		SolutionGuid = {1840C1DF-F382-4774-BC98-1DC2B65A1F16}
	EndGlobalSection
EndGlobal
