
Microsoft Visual Studio Solution File, Format Version 12.00
# Visual Studio Version 17
VisualStudioVersion = 17.9.34616.47
MinimumVisualStudioVersion = 10.0.40219.1
Project("{FAE04EC0-301F-11D3-BF4B-00C04F79EFBC}") = "TempProj", "TempProj\TempProj.csproj", "{8397C049-6EFA-4BCE-A333-DF3BCAEB5755}"
EndProject
Global
	GlobalSection(SolutionConfigurationPlatforms) = preSolution
		Debug|Any CPU = Debug|Any CPU
		Release|Any CPU = Release|Any CPU
	EndGlobalSection
	GlobalSection(ProjectConfigurationPlatforms) = postSolution
		{8397C049-6EFA-4BCE-A333-DF3BCAEB5755}.Debug|Any CPU.ActiveCfg = Debug|Any CPU
		{8397C049-6EFA-4BCE-A333-DF3BCAEB5755}.Debug|Any CPU.Build.0 = Debug|Any CPU
		{8397C049-6EFA-4BCE-A333-DF3BCAEB5755}.Release|Any CPU.ActiveCfg = Release|Any CPU
		{8397C049-6EFA-4BCE-A333-DF3BCAEB5755}.Release|Any CPU.Build.0 = Release|Any CPU
	EndGlobalSection
	GlobalSection(SolutionProperties) = preSolution
		HideSolutionNode = FALSE
	EndGlobalSection
	GlobalSection(ExtensibilityGlobals) = postSolution
		SolutionGuid = {B1F79738-F109-422D-82ED-B65875D58899}
	EndGlobalSection
EndGlobal
