
Microsoft Visual Studio Solution File, Format Version 12.00
# Visual Studio Version 17
VisualStudioVersion = 17.9.34723.18
MinimumVisualStudioVersion = 10.0.40219.1
Project("{FAE04EC0-301F-11D3-BF4B-00C04F79EFBC}") = "PokemonReviewApp", "PokemonReviewApp\PokemonReviewApp.csproj", "{DD4BECA6-FCB1-4810-9FD6-931F1D23739B}"
EndProject
Global
	GlobalSection(SolutionConfigurationPlatforms) = preSolution
		Debug|Any CPU = Debug|Any CPU
		Release|Any CPU = Release|Any CPU
	EndGlobalSection
	GlobalSection(ProjectConfigurationPlatforms) = postSolution
		{DD4BECA6-FCB1-4810-9FD6-931F1D23739B}.Debug|Any CPU.ActiveCfg = Debug|Any CPU
		{DD4BECA6-FCB1-4810-9FD6-931F1D23739B}.Debug|Any CPU.Build.0 = Debug|Any CPU
		{DD4BECA6-FCB1-4810-9FD6-931F1D23739B}.Release|Any CPU.ActiveCfg = Release|Any CPU
		{DD4BECA6-FCB1-4810-9FD6-931F1D23739B}.Release|Any CPU.Build.0 = Release|Any CPU
	EndGlobalSection
	GlobalSection(SolutionProperties) = preSolution
		HideSolutionNode = FALSE
	EndGlobalSection
	GlobalSection(ExtensibilityGlobals) = postSolution
		SolutionGuid = {FA5E14A1-B6F4-43D4-B7CD-18969EF91AE0}
	EndGlobalSection
EndGlobal
