
Microsoft Visual Studio Solution File, Format Version 12.00
# Visual Studio Version 17
VisualStudioVersion = 17.9.34616.47
MinimumVisualStudioVersion = 10.0.40219.1
Project("{FAE04EC0-301F-11D3-BF4B-00C04F79EFBC}") = "GameCharacterSystem", "GameCharacterSystem\GameCharacterSystem.csproj", "{1A4497C0-0A20-4DD0-B66C-364D25ADC914}"
EndProject
Project("{FAE04EC0-301F-11D3-BF4B-00C04F79EFBC}") = "ClassLibrary1", "ClassLibrary1\ClassLibrary1.csproj", "{F72D3B6B-5BE2-49CE-80B9-6FEBEB21750E}"
EndProject
Global
	GlobalSection(SolutionConfigurationPlatforms) = preSolution
		Debug|Any CPU = Debug|Any CPU
		Release|Any CPU = Release|Any CPU
	EndGlobalSection
	GlobalSection(ProjectConfigurationPlatforms) = postSolution
		{1A4497C0-0A20-4DD0-B66C-364D25ADC914}.Debug|Any CPU.ActiveCfg = Debug|Any CPU
		{1A4497C0-0A20-4DD0-B66C-364D25ADC914}.Debug|Any CPU.Build.0 = Debug|Any CPU
		{1A4497C0-0A20-4DD0-B66C-364D25ADC914}.Release|Any CPU.ActiveCfg = Release|Any CPU
		{1A4497C0-0A20-4DD0-B66C-364D25ADC914}.Release|Any CPU.Build.0 = Release|Any CPU
		{F72D3B6B-5BE2-49CE-80B9-6FEBEB21750E}.Debug|Any CPU.ActiveCfg = Debug|Any CPU
		{F72D3B6B-5BE2-49CE-80B9-6FEBEB21750E}.Debug|Any CPU.Build.0 = Debug|Any CPU
		{F72D3B6B-5BE2-49CE-80B9-6FEBEB21750E}.Release|Any CPU.ActiveCfg = Release|Any CPU
		{F72D3B6B-5BE2-49CE-80B9-6FEBEB21750E}.Release|Any CPU.Build.0 = Release|Any CPU
	EndGlobalSection
	GlobalSection(SolutionProperties) = preSolution
		HideSolutionNode = FALSE
	EndGlobalSection
	GlobalSection(ExtensibilityGlobals) = postSolution
		SolutionGuid = {B2EF4BCF-27DF-4789-B3CE-A87C12184403}
	EndGlobalSection
EndGlobal
